// !$*UTF8*$!
{
	archiveVersion = 1;
	classes = {
	};
	objectVersion = 50;
	objects = {

/* Begin PBXBuildFile section */
		1B8858EF273EAF3B006CF02C /* DriverKit.framework in Frameworks */ = {isa = PBXBuildFile; fileRef = 1B8858EE273EAF3B006CF02C /* DriverKit.framework */; };
		1B8858F2273EAF3B006CF02C /* ExampleDriver.cpp in Sources */ = {isa = PBXBuildFile; fileRef = 1B8858F1273EAF3B006CF02C /* ExampleDriver.cpp */; };
		1B8858F4273EAF3B006CF02C /* ExampleDriver.iig in Sources */ = {isa = PBXBuildFile; fileRef = 1B8858F3273EAF3B006CF02C /* ExampleDriver.iig */; };
/* End PBXBuildFile section */

/* Begin PBXFileReference section */
		1B8858EB273EAF3B006CF02C /* UCU.ExampleDriver.dext */ = {isa = PBXFileReference; explicitFileType = "wrapper.driver-extension"; includeInIndex = 0; path = UCU.ExampleDriver.dext; sourceTree = BUILT_PRODUCTS_DIR; };
		1B8858EE273EAF3B006CF02C /* DriverKit.framework */ = {isa = PBXFileReference; lastKnownFileType = wrapper.framework; name = DriverKit.framework; path = Library/Frameworks/DriverKit.framework; sourceTree = DEVELOPER_DIR; };
		1B8858F1273EAF3B006CF02C /* ExampleDriver.cpp */ = {isa = PBXFileReference; lastKnownFileType = sourcecode.cpp.cpp; path = ExampleDriver.cpp; sourceTree = "<group>"; };
		1B8858F3273EAF3B006CF02C /* ExampleDriver.iig */ = {isa = PBXFileReference; lastKnownFileType = sourcecode.iig; path = ExampleDriver.iig; sourceTree = "<group>"; };
		1B8858F5273EAF3B006CF02C /* Info.plist */ = {isa = PBXFileReference; lastKnownFileType = text.plist.xml; path = Info.plist; sourceTree = "<group>"; };
		1B8858F6273EAF3B006CF02C /* ExampleDriver.entitlements */ = {isa = PBXFileReference; lastKnownFileType = text.plist.entitlements; path = ExampleDriver.entitlements; sourceTree = "<group>"; };
/* End PBXFileReference section */

/* Begin PBXFrameworksBuildPhase section */
		1B8858E8273EAF3B006CF02C /* Frameworks */ = {
			isa = PBXFrameworksBuildPhase;
			buildActionMask = 2147483647;
			files = (
				1B8858EF273EAF3B006CF02C /* DriverKit.framework in Frameworks */,
			);
			runOnlyForDeploymentPostprocessing = 0;
		};
/* End PBXFrameworksBuildPhase section */

/* Begin PBXGroup section */
		1B8858E1273EAF3B006CF02C = {
			isa = PBXGroup;
			children = (
				1B8858F0273EAF3B006CF02C /* ExampleDriver */,
				1B8858ED273EAF3B006CF02C /* Frameworks */,
				1B8858EC273EAF3B006CF02C /* Products */,
			);
			sourceTree = "<group>";
		};
		1B8858EC273EAF3B006CF02C /* Products */ = {
			isa = PBXGroup;
			children = (
				1B8858EB273EAF3B006CF02C /* UCU.ExampleDriver.dext */,
			);
			name = Products;
			sourceTree = "<group>";
		};
		1B8858ED273EAF3B006CF02C /* Frameworks */ = {
			isa = PBXGroup;
			children = (
				1B8858EE273EAF3B006CF02C /* DriverKit.framework */,
			);
			name = Frameworks;
			sourceTree = "<group>";
		};
		1B8858F0273EAF3B006CF02C /* ExampleDriver */ = {
			isa = PBXGroup;
			children = (
				1B8858F1273EAF3B006CF02C /* ExampleDriver.cpp */,
				1B8858F3273EAF3B006CF02C /* ExampleDriver.iig */,
				1B8858F5273EAF3B006CF02C /* Info.plist */,
				1B8858F6273EAF3B006CF02C /* ExampleDriver.entitlements */,
			);
			path = ExampleDriver;
			sourceTree = "<group>";
		};
/* End PBXGroup section */

/* Begin PBXHeadersBuildPhase section */
		1B8858E6273EAF3B006CF02C /* Headers */ = {
			isa = PBXHeadersBuildPhase;
			buildActionMask = 2147483647;
			files = (
			);
			runOnlyForDeploymentPostprocessing = 0;
		};
/* End PBXHeadersBuildPhase section */

/* Begin PBXNativeTarget section */
		1B8858EA273EAF3B006CF02C /* ExampleDriver */ = {
			isa = PBXNativeTarget;
			buildConfigurationList = 1B8858F9273EAF3B006CF02C /* Build configuration list for PBXNativeTarget "ExampleDriver" */;
			buildPhases = (
				1B8858E6273EAF3B006CF02C /* Headers */,
				1B8858E7273EAF3B006CF02C /* Sources */,
				1B8858E8273EAF3B006CF02C /* Frameworks */,
				1B8858E9273EAF3B006CF02C /* Resources */,
			);
			buildRules = (
			);
			dependencies = (
			);
			name = ExampleDriver;
			productName = ExampleDriver;
			productReference = 1B8858EB273EAF3B006CF02C /* UCU.ExampleDriver.dext */;
			productType = "com.apple.product-type.driver-extension";
		};
/* End PBXNativeTarget section */

/* Begin PBXProject section */
		1B8858E2273EAF3B006CF02C /* Project object */ = {
			isa = PBXProject;
			attributes = {
				LastUpgradeCheck = 1240;
				TargetAttributes = {
					1B8858EA273EAF3B006CF02C = {
						CreatedOnToolsVersion = 12.4;
					};
				};
			};
			buildConfigurationList = 1B8858E5273EAF3B006CF02C /* Build configuration list for PBXProject "ExampleDriver" */;
			compatibilityVersion = "Xcode 9.3";
			developmentRegion = en;
			hasScannedForEncodings = 0;
			knownRegions = (
				en,
				Base,
			);
			mainGroup = 1B8858E1273EAF3B006CF02C;
			productRefGroup = 1B8858EC273EAF3B006CF02C /* Products */;
			projectDirPath = "";
			projectRoot = "";
			targets = (
				1B8858EA273EAF3B006CF02C /* ExampleDriver */,
			);
		};
/* End PBXProject section */

/* Begin PBXResourcesBuildPhase section */
		1B8858E9273EAF3B006CF02C /* Resources */ = {
			isa = PBXResourcesBuildPhase;
			buildActionMask = 2147483647;
			files = (
			);
			runOnlyForDeploymentPostprocessing = 0;
		};
/* End PBXResourcesBuildPhase section */

/* Begin PBXSourcesBuildPhase section */
		1B8858E7273EAF3B006CF02C /* Sources */ = {
			isa = PBXSourcesBuildPhase;
			buildActionMask = 2147483647;
			files = (
				1B8858F4273EAF3B006CF02C /* ExampleDriver.iig in Sources */,
				1B8858F2273EAF3B006CF02C /* ExampleDriver.cpp in Sources */,
			);
			runOnlyForDeploymentPostprocessing = 0;
		};
/* End PBXSourcesBuildPhase section */

/* Begin XCBuildConfiguration section */
		1B8858F7273EAF3B006CF02C /* Debug */ = {
			isa = XCBuildConfiguration;
			buildSettings = {
				ALWAYS_SEARCH_USER_PATHS = NO;
				CLANG_ANALYZER_NONNULL = YES;
				CLANG_ANALYZER_NUMBER_OBJECT_CONVERSION = YES_AGGRESSIVE;
				CLANG_CXX_LANGUAGE_STANDARD = "gnu++17";
				CLANG_CXX_LIBRARY = "libc++";
				CLANG_ENABLE_MODULES = YES;
				CLANG_ENABLE_OBJC_ARC = YES;
				CLANG_ENABLE_OBJC_WEAK = YES;
				CLANG_WARN_BLOCK_CAPTURE_AUTORELEASING = YES;
				CLANG_WARN_BOOL_CONVERSION = YES;
				CLANG_WARN_COMMA = YES;
				CLANG_WARN_CONSTANT_CONVERSION = YES;
				CLANG_WARN_DEPRECATED_OBJC_IMPLEMENTATIONS = YES;
				CLANG_WARN_DIRECT_OBJC_ISA_USAGE = YES_ERROR;
				CLANG_WARN_DOCUMENTATION_COMMENTS = YES;
				CLANG_WARN_EMPTY_BODY = YES;
				CLANG_WARN_ENUM_CONVERSION = YES;
				CLANG_WARN_INFINITE_RECURSION = YES;
				CLANG_WARN_INT_CONVERSION = YES;
				CLANG_WARN_NON_LITERAL_NULL_CONVERSION = YES;
				CLANG_WARN_OBJC_IMPLICIT_RETAIN_SELF = YES;
				CLANG_WARN_OBJC_LITERAL_CONVERSION = YES;
				CLANG_WARN_OBJC_ROOT_CLASS = YES_ERROR;
				CLANG_WARN_QUOTED_INCLUDE_IN_FRAMEWORK_HEADER = YES;
				CLANG_WARN_RANGE_LOOP_ANALYSIS = YES;
				CLANG_WARN_STRICT_PROTOTYPES = YES;
				CLANG_WARN_SUSPICIOUS_MOVE = YES;
				CLANG_WARN_UNGUARDED_AVAILABILITY = YES_AGGRESSIVE;
				CLANG_WARN_UNREACHABLE_CODE = YES;
				CLANG_WARN__DUPLICATE_METHOD_MATCH = YES;
				COPY_PHASE_STRIP = NO;
				DEBUG_INFORMATION_FORMAT = dwarf;
				DRIVERKIT_DEPLOYMENT_TARGET = 19.6;
				ENABLE_STRICT_OBJC_MSGSEND = YES;
				ENABLE_TESTABILITY = YES;
				GCC_C_LANGUAGE_STANDARD = gnu11;
				GCC_DYNAMIC_NO_PIC = NO;
				GCC_NO_COMMON_BLOCKS = YES;
				GCC_OPTIMIZATION_LEVEL = 0;
				GCC_PREPROCESSOR_DEFINITIONS = (
					"DEBUG=1",
					"$(inherited)",
				);
				GCC_WARN_64_TO_32_BIT_CONVERSION = YES;
				GCC_WARN_ABOUT_RETURN_TYPE = YES_ERROR;
				GCC_WARN_UNDECLARED_SELECTOR = YES;
				GCC_WARN_UNINITIALIZED_AUTOS = YES_AGGRESSIVE;
				GCC_WARN_UNUSED_FUNCTION = YES;
				GCC_WARN_UNUSED_VARIABLE = YES;
				MTL_ENABLE_DEBUG_INFO = INCLUDE_SOURCE;
				MTL_FAST_MATH = YES;
				ONLY_ACTIVE_ARCH = YES;
				SDKROOT = driverkit;
			};
			name = Debug;
		};
		1B8858F8273EAF3B006CF02C /* Release */ = {
			isa = XCBuildConfiguration;
			buildSettings = {
				ALWAYS_SEARCH_USER_PATHS = NO;
				CLANG_ANALYZER_NONNULL = YES;
				CLANG_ANALYZER_NUMBER_OBJECT_CONVERSION = YES_AGGRESSIVE;
				CLANG_CXX_LANGUAGE_STANDARD = "gnu++17";
				CLANG_CXX_LIBRARY = "libc++";
				CLANG_ENABLE_MODULES = YES;
				CLANG_ENABLE_OBJC_ARC = YES;
				CLANG_ENABLE_OBJC_WEAK = YES;
				CLANG_WARN_BLOCK_CAPTURE_AUTORELEASING = YES;
				CLANG_WARN_BOOL_CONVERSION = YES;
				CLANG_WARN_COMMA = YES;
				CLANG_WARN_CONSTANT_CONVERSION = YES;
				CLANG_WARN_DEPRECATED_OBJC_IMPLEMENTATIONS = YES;
				CLANG_WARN_DIRECT_OBJC_ISA_USAGE = YES_ERROR;
				CLANG_WARN_DOCUMENTATION_COMMENTS = YES;
				CLANG_WARN_EMPTY_BODY = YES;
				CLANG_WARN_ENUM_CONVERSION = YES;
				CLANG_WARN_INFINITE_RECURSION = YES;
				CLANG_WARN_INT_CONVERSION = YES;
				CLANG_WARN_NON_LITERAL_NULL_CONVERSION = YES;
				CLANG_WARN_OBJC_IMPLICIT_RETAIN_SELF = YES;
				CLANG_WARN_OBJC_LITERAL_CONVERSION = YES;
				CLANG_WARN_OBJC_ROOT_CLASS = YES_ERROR;
				CLANG_WARN_QUOTED_INCLUDE_IN_FRAMEWORK_HEADER = YES;
				CLANG_WARN_RANGE_LOOP_ANALYSIS = YES;
				CLANG_WARN_STRICT_PROTOTYPES = YES;
				CLANG_WARN_SUSPICIOUS_MOVE = YES;
				CLANG_WARN_UNGUARDED_AVAILABILITY = YES_AGGRESSIVE;
				CLANG_WARN_UNREACHABLE_CODE = YES;
				CLANG_WARN__DUPLICATE_METHOD_MATCH = YES;
				COPY_PHASE_STRIP = NO;
				DEBUG_INFORMATION_FORMAT = "dwarf-with-dsym";
				DRIVERKIT_DEPLOYMENT_TARGET = 19.6;
				ENABLE_NS_ASSERTIONS = NO;
				ENABLE_STRICT_OBJC_MSGSEND = YES;
				GCC_C_LANGUAGE_STANDARD = gnu11;
				GCC_NO_COMMON_BLOCKS = YES;
				GCC_WARN_64_TO_32_BIT_CONVERSION = YES;
				GCC_WARN_ABOUT_RETURN_TYPE = YES_ERROR;
				GCC_WARN_UNDECLARED_SELECTOR = YES;
				GCC_WARN_UNINITIALIZED_AUTOS = YES_AGGRESSIVE;
				GCC_WARN_UNUSED_FUNCTION = YES;
				GCC_WARN_UNUSED_VARIABLE = YES;
				MTL_ENABLE_DEBUG_INFO = NO;
				MTL_FAST_MATH = YES;
				SDKROOT = driverkit;
			};
			name = Release;
		};
		1B8858FA273EAF3B006CF02C /* Debug */ = {
			isa = XCBuildConfiguration;
			buildSettings = {
				CODE_SIGN_ENTITLEMENTS = ExampleDriver/ExampleDriver.entitlements;
				CODE_SIGN_STYLE = Manual;
				INFOPLIST_FILE = ExampleDriver/Info.plist;
				PRODUCT_BUNDLE_IDENTIFIER = UCU.ExampleDriver;
				PRODUCT_NAME = "$(inherited)";
				RUN_CLANG_STATIC_ANALYZER = YES;
				SKIP_INSTALL = YES;
			};
			name = Debug;
		};
		1B8858FB273EAF3B006CF02C /* Release */ = {
			isa = XCBuildConfiguration;
			buildSettings = {
				CODE_SIGN_ENTITLEMENTS = ExampleDriver/ExampleDriver.entitlements;
				CODE_SIGN_STYLE = Manual;
				INFOPLIST_FILE = ExampleDriver/Info.plist;
				PRODUCT_BUNDLE_IDENTIFIER = UCU.ExampleDriver;
				PRODUCT_NAME = "$(inherited)";
				RUN_CLANG_STATIC_ANALYZER = YES;
				SKIP_INSTALL = YES;
			};
			name = Release;
		};
/* End XCBuildConfiguration section */

/* Begin XCConfigurationList section */
		1B8858E5273EAF3B006CF02C /* Build configuration list for PBXProject "ExampleDriver" */ = {
			isa = XCConfigurationList;
			buildConfigurations = (
				1B8858F7273EAF3B006CF02C /* Debug */,
				1B8858F8273EAF3B006CF02C /* Release */,
			);
			defaultConfigurationIsVisible = 0;
			defaultConfigurationName = Release;
		};
		1B8858F9273EAF3B006CF02C /* Build configuration list for PBXNativeTarget "ExampleDriver" */ = {
			isa = XCConfigurationList;
			buildConfigurations = (
				1B8858FA273EAF3B006CF02C /* Debug */,
				1B8858FB273EAF3B006CF02C /* Release */,
			);
			defaultConfigurationIsVisible = 0;
			defaultConfigurationName = Release;
		};
/* End XCConfigurationList section */
	};
	rootObject = 1B8858E2273EAF3B006CF02C /* Project object */;
}
