// !$*UTF8*$!
{
	archiveVersion = 1;
	classes = {
	};
	objectVersion = 50;
	objects = {

/* Begin PBXBuildFile section */
		1B885928273FC1B1006CF02C /* ExampleAppApp.swift in Sources */ = {isa = PBXBuildFile; fileRef = 1B885927273FC1B1006CF02C /* ExampleAppApp.swift */; };
		1B88592A273FC1B1006CF02C /* ContentView.swift in Sources */ = {isa = PBXBuildFile; fileRef = 1B885929273FC1B1006CF02C /* ContentView.swift */; };
		1B88592C273FC1B5006CF02C /* Assets.xcassets in Resources */ = {isa = PBXBuildFile; fileRef = 1B88592B273FC1B5006CF02C /* Assets.xcassets */; };
		1B88592F273FC1B5006CF02C /* Preview Assets.xcassets in Resources */ = {isa = PBXBuildFile; fileRef = 1B88592E273FC1B5006CF02C /* Preview Assets.xcassets */; };
		1B885940273FC231006CF02C /* DriverKit.framework in Frameworks */ = {isa = PBXBuildFile; fileRef = 1B88593F273FC231006CF02C /* DriverKit.framework */; };
		1B885943273FC231006CF02C /* ExampleDriver.cpp in Sources */ = {isa = PBXBuildFile; fileRef = 1B885942273FC231006CF02C /* ExampleDriver.cpp */; };
		1B885945273FC231006CF02C /* ExampleDriver.iig in Sources */ = {isa = PBXBuildFile; fileRef = 1B885944273FC231006CF02C /* ExampleDriver.iig */; };
		1B88594A273FC231006CF02C /* UCU.ExampleDriver.dext in Embed System Extensions */ = {isa = PBXBuildFile; fileRef = 1B88593D273FC231006CF02C /* UCU.ExampleDriver.dext */; settings = {ATTRIBUTES = (RemoveHeadersOnCopy, ); }; };
/* End PBXBuildFile section */

/* Begin PBXContainerItemProxy section */
		1B885948273FC231006CF02C /* PBXContainerItemProxy */ = {
			isa = PBXContainerItemProxy;
			containerPortal = 1B88591C273FC1B1006CF02C /* Project object */;
			proxyType = 1;
			remoteGlobalIDString = 1B88593C273FC231006CF02C;
			remoteInfo = ExampleDriver;
		};
/* End PBXContainerItemProxy section */

/* Begin PBXCopyFilesBuildPhase section */
		1B88594E273FC231006CF02C /* Embed System Extensions */ = {
			isa = PBXCopyFilesBuildPhase;
			buildActionMask = 2147483647;
			dstPath = "$(SYSTEM_EXTENSIONS_FOLDER_PATH)";
			dstSubfolderSpec = 16;
			files = (
				1B88594A273FC231006CF02C /* UCU.ExampleDriver.dext in Embed System Extensions */,
			);
			name = "Embed System Extensions";
			runOnlyForDeploymentPostprocessing = 0;
		};
/* End PBXCopyFilesBuildPhase section */

/* Begin PBXFileReference section */
		1B885924273FC1B1006CF02C /* ExampleApp.app */ = {isa = PBXFileReference; explicitFileType = wrapper.application; includeInIndex = 0; path = ExampleApp.app; sourceTree = BUILT_PRODUCTS_DIR; };
		1B885927273FC1B1006CF02C /* ExampleAppApp.swift */ = {isa = PBXFileReference; lastKnownFileType = sourcecode.swift; path = ExampleAppApp.swift; sourceTree = "<group>"; };
		1B885929273FC1B1006CF02C /* ContentView.swift */ = {isa = PBXFileReference; lastKnownFileType = sourcecode.swift; path = ContentView.swift; sourceTree = "<group>"; };
		1B88592B273FC1B5006CF02C /* Assets.xcassets */ = {isa = PBXFileReference; lastKnownFileType = folder.assetcatalog; path = Assets.xcassets; sourceTree = "<group>"; };
		1B88592E273FC1B5006CF02C /* Preview Assets.xcassets */ = {isa = PBXFileReference; lastKnownFileType = folder.assetcatalog; path = "Preview Assets.xcassets"; sourceTree = "<group>"; };
		1B885930273FC1B5006CF02C /* Info.plist */ = {isa = PBXFileReference; lastKnownFileType = text.plist.xml; path = Info.plist; sourceTree = "<group>"; };
		1B885931273FC1B5006CF02C /* ExampleApp.entitlements */ = {isa = PBXFileReference; lastKnownFileType = text.plist.entitlements; path = ExampleApp.entitlements; sourceTree = "<group>"; };
		1B88593D273FC231006CF02C /* UCU.ExampleDriver.dext */ = {isa = PBXFileReference; explicitFileType = "wrapper.driver-extension"; includeInIndex = 0; path = UCU.ExampleDriver.dext; sourceTree = BUILT_PRODUCTS_DIR; };
		1B88593F273FC231006CF02C /* DriverKit.framework */ = {isa = PBXFileReference; lastKnownFileType = wrapper.framework; name = DriverKit.framework; path = System/Library/Frameworks/DriverKit.framework; sourceTree = SDKROOT; };
		1B885942273FC231006CF02C /* ExampleDriver.cpp */ = {isa = PBXFileReference; lastKnownFileType = sourcecode.cpp.cpp; path = ExampleDriver.cpp; sourceTree = "<group>"; };
		1B885944273FC231006CF02C /* ExampleDriver.iig */ = {isa = PBXFileReference; lastKnownFileType = sourcecode.iig; path = ExampleDriver.iig; sourceTree = "<group>"; };
		1B885946273FC231006CF02C /* Info.plist */ = {isa = PBXFileReference; lastKnownFileType = text.plist.xml; path = Info.plist; sourceTree = "<group>"; };
		1B885947273FC231006CF02C /* ExampleDriver.entitlements */ = {isa = PBXFileReference; lastKnownFileType = text.plist.entitlements; path = ExampleDriver.entitlements; sourceTree = "<group>"; };
/* End PBXFileReference section */

/* Begin PBXFrameworksBuildPhase section */
		1B885921273FC1B1006CF02C /* Frameworks */ = {
			isa = PBXFrameworksBuildPhase;
			buildActionMask = 2147483647;
			files = (
			);
			runOnlyForDeploymentPostprocessing = 0;
		};
		1B88593A273FC231006CF02C /* Frameworks */ = {
			isa = PBXFrameworksBuildPhase;
			buildActionMask = 2147483647;
			files = (
				1B885940273FC231006CF02C /* DriverKit.framework in Frameworks */,
			);
			runOnlyForDeploymentPostprocessing = 0;
		};
/* End PBXFrameworksBuildPhase section */

/* Begin PBXGroup section */
		1B88591B273FC1B1006CF02C = {
			isa = PBXGroup;
			children = (
				1B885926273FC1B1006CF02C /* ExampleApp */,
				1B885941273FC231006CF02C /* ExampleDriver */,
				1B88593E273FC231006CF02C /* Frameworks */,
				1B885925273FC1B1006CF02C /* Products */,
			);
			sourceTree = "<group>";
		};
		1B885925273FC1B1006CF02C /* Products */ = {
			isa = PBXGroup;
			children = (
				1B885924273FC1B1006CF02C /* ExampleApp.app */,
				1B88593D273FC231006CF02C /* UCU.ExampleDriver.dext */,
			);
			name = Products;
			sourceTree = "<group>";
		};
		1B885926273FC1B1006CF02C /* ExampleApp */ = {
			isa = PBXGroup;
			children = (
				1B885927273FC1B1006CF02C /* ExampleAppApp.swift */,
				1B885929273FC1B1006CF02C /* ContentView.swift */,
				1B88592B273FC1B5006CF02C /* Assets.xcassets */,
				1B885930273FC1B5006CF02C /* Info.plist */,
				1B885931273FC1B5006CF02C /* ExampleApp.entitlements */,
				1B88592D273FC1B5006CF02C /* Preview Content */,
			);
			path = ExampleApp;
			sourceTree = "<group>";
		};
		1B88592D273FC1B5006CF02C /* Preview Content */ = {
			isa = PBXGroup;
			children = (
				1B88592E273FC1B5006CF02C /* Preview Assets.xcassets */,
			);
			path = "Preview Content";
			sourceTree = "<group>";
		};
		1B88593E273FC231006CF02C /* Frameworks */ = {
			isa = PBXGroup;
			children = (
				1B88593F273FC231006CF02C /* DriverKit.framework */,
			);
			name = Frameworks;
			sourceTree = "<group>";
		};
		1B885941273FC231006CF02C /* ExampleDriver */ = {
			isa = PBXGroup;
			children = (
				1B885942273FC231006CF02C /* ExampleDriver.cpp */,
				1B885944273FC231006CF02C /* ExampleDriver.iig */,
				1B885946273FC231006CF02C /* Info.plist */,
				1B885947273FC231006CF02C /* ExampleDriver.entitlements */,
			);
			path = ExampleDriver;
			sourceTree = "<group>";
		};
/* End PBXGroup section */

/* Begin PBXHeadersBuildPhase section */
		1B885938273FC231006CF02C /* Headers */ = {
			isa = PBXHeadersBuildPhase;
			buildActionMask = 2147483647;
			files = (
			);
			runOnlyForDeploymentPostprocessing = 0;
		};
/* End PBXHeadersBuildPhase section */

/* Begin PBXNativeTarget section */
		1B885923273FC1B1006CF02C /* ExampleApp */ = {
			isa = PBXNativeTarget;
			buildConfigurationList = 1B885934273FC1B5006CF02C /* Build configuration list for PBXNativeTarget "ExampleApp" */;
			buildPhases = (
				1B885920273FC1B1006CF02C /* Sources */,
				1B885921273FC1B1006CF02C /* Frameworks */,
				1B885922273FC1B1006CF02C /* Resources */,
				1B88594E273FC231006CF02C /* Embed System Extensions */,
			);
			buildRules = (
			);
			dependencies = (
				1B885949273FC231006CF02C /* PBXTargetDependency */,
			);
			name = ExampleApp;
			productName = ExampleApp;
			productReference = 1B885924273FC1B1006CF02C /* ExampleApp.app */;
			productType = "com.apple.product-type.application";
		};
		1B88593C273FC231006CF02C /* ExampleDriver */ = {
			isa = PBXNativeTarget;
			buildConfigurationList = 1B88594B273FC231006CF02C /* Build configuration list for PBXNativeTarget "ExampleDriver" */;
			buildPhases = (
				1B885938273FC231006CF02C /* Headers */,
				1B885939273FC231006CF02C /* Sources */,
				1B88593A273FC231006CF02C /* Frameworks */,
				1B88593B273FC231006CF02C /* Resources */,
			);
			buildRules = (
			);
			dependencies = (
			);
			name = ExampleDriver;
			productName = ExampleDriver;
			productReference = 1B88593D273FC231006CF02C /* UCU.ExampleDriver.dext */;
			productType = "com.apple.product-type.driver-extension";
		};
/* End PBXNativeTarget section */

/* Begin PBXProject section */
		1B88591C273FC1B1006CF02C /* Project object */ = {
			isa = PBXProject;
			attributes = {
				LastSwiftUpdateCheck = 1240;
				LastUpgradeCheck = 1240;
				TargetAttributes = {
					1B885923273FC1B1006CF02C = {
						CreatedOnToolsVersion = 12.4;
					};
					1B88593C273FC231006CF02C = {
						CreatedOnToolsVersion = 12.4;
					};
				};
			};
			buildConfigurationList = 1B88591F273FC1B1006CF02C /* Build configuration list for PBXProject "ExampleApp" */;
			compatibilityVersion = "Xcode 9.3";
			developmentRegion = en;
			hasScannedForEncodings = 0;
			knownRegions = (
				en,
				Base,
			);
			mainGroup = 1B88591B273FC1B1006CF02C;
			productRefGroup = 1B885925273FC1B1006CF02C /* Products */;
			projectDirPath = "";
			projectRoot = "";
			targets = (
				1B885923273FC1B1006CF02C /* ExampleApp */,
				1B88593C273FC231006CF02C /* ExampleDriver */,
			);
		};
/* End PBXProject section */

/* Begin PBXResourcesBuildPhase section */
		1B885922273FC1B1006CF02C /* Resources */ = {
			isa = PBXResourcesBuildPhase;
			buildActionMask = 2147483647;
			files = (
				1B88592F273FC1B5006CF02C /* Preview Assets.xcassets in Resources */,
				1B88592C273FC1B5006CF02C /* Assets.xcassets in Resources */,
			);
			runOnlyForDeploymentPostprocessing = 0;
		};
		1B88593B273FC231006CF02C /* Resources */ = {
			isa = PBXResourcesBuildPhase;
			buildActionMask = 2147483647;
			files = (
			);
			runOnlyForDeploymentPostprocessing = 0;
		};
/* End PBXResourcesBuildPhase section */

/* Begin PBXSourcesBuildPhase section */
		1B885920273FC1B1006CF02C /* Sources */ = {
			isa = PBXSourcesBuildPhase;
			buildActionMask = 2147483647;
			files = (
				1B88592A273FC1B1006CF02C /* ContentView.swift in Sources */,
				1B885928273FC1B1006CF02C /* ExampleAppApp.swift in Sources */,
			);
			runOnlyForDeploymentPostprocessing = 0;
		};
		1B885939273FC231006CF02C /* Sources */ = {
			isa = PBXSourcesBuildPhase;
			buildActionMask = 2147483647;
			files = (
				1B885945273FC231006CF02C /* ExampleDriver.iig in Sources */,
				1B885943273FC231006CF02C /* ExampleDriver.cpp in Sources */,
			);
			runOnlyForDeploymentPostprocessing = 0;
		};
/* End PBXSourcesBuildPhase section */

/* Begin PBXTargetDependency section */
		1B885949273FC231006CF02C /* PBXTargetDependency */ = {
			isa = PBXTargetDependency;
			target = 1B88593C273FC231006CF02C /* ExampleDriver */;
			targetProxy = 1B885948273FC231006CF02C /* PBXContainerItemProxy */;
		};
/* End PBXTargetDependency section */

/* Begin XCBuildConfiguration section */
		1B885932273FC1B5006CF02C /* Debug */ = {
			isa = XCBuildConfiguration;
			buildSettings = {
				ALWAYS_SEARCH_USER_PATHS = NO;
				CLANG_ANALYZER_NONNULL = YES;
				CLANG_ANALYZER_NUMBER_OBJECT_CONVERSION = YES_AGGRESSIVE;
				CLANG_CXX_LANGUAGE_STANDARD = "gnu++14";
				CLANG_CXX_LIBRARY = "libc++";
				CLANG_ENABLE_MODULES = YES;
				CLANG_ENABLE_OBJC_ARC = YES;
				CLANG_ENABLE_OBJC_WEAK = YES;
				CLANG_WARN_BLOCK_CAPTURE_AUTORELEASING = YES;
				CLANG_WARN_BOOL_CONVERSION = YES;
				CLANG_WARN_COMMA = YES;
				CLANG_WARN_CONSTANT_CONVERSION = YES;
				CLANG_WARN_DEPRECATED_OBJC_IMPLEMENTATIONS = YES;
				CLANG_WARN_DIRECT_OBJC_ISA_USAGE = YES_ERROR;
				CLANG_WARN_DOCUMENTATION_COMMENTS = YES;
				CLANG_WARN_EMPTY_BODY = YES;
				CLANG_WARN_ENUM_CONVERSION = YES;
				CLANG_WARN_INFINITE_RECURSION = YES;
				CLANG_WARN_INT_CONVERSION = YES;
				CLANG_WARN_NON_LITERAL_NULL_CONVERSION = YES;
				CLANG_WARN_OBJC_IMPLICIT_RETAIN_SELF = YES;
				CLANG_WARN_OBJC_LITERAL_CONVERSION = YES;
				CLANG_WARN_OBJC_ROOT_CLASS = YES_ERROR;
				CLANG_WARN_QUOTED_INCLUDE_IN_FRAMEWORK_HEADER = YES;
				CLANG_WARN_RANGE_LOOP_ANALYSIS = YES;
				CLANG_WARN_STRICT_PROTOTYPES = YES;
				CLANG_WARN_SUSPICIOUS_MOVE = YES;
				CLANG_WARN_UNGUARDED_AVAILABILITY = YES_AGGRESSIVE;
				CLANG_WARN_UNREACHABLE_CODE = YES;
				CLANG_WARN__DUPLICATE_METHOD_MATCH = YES;
				COPY_PHASE_STRIP = NO;
				DEBUG_INFORMATION_FORMAT = dwarf;
				ENABLE_STRICT_OBJC_MSGSEND = YES;
				ENABLE_TESTABILITY = YES;
				GCC_C_LANGUAGE_STANDARD = gnu11;
				GCC_DYNAMIC_NO_PIC = NO;
				GCC_NO_COMMON_BLOCKS = YES;
				GCC_OPTIMIZATION_LEVEL = 0;
				GCC_PREPROCESSOR_DEFINITIONS = (
					"DEBUG=1",
					"$(inherited)",
				);
				GCC_WARN_64_TO_32_BIT_CONVERSION = YES;
				GCC_WARN_ABOUT_RETURN_TYPE = YES_ERROR;
				GCC_WARN_UNDECLARED_SELECTOR = YES;
				GCC_WARN_UNINITIALIZED_AUTOS = YES_AGGRESSIVE;
				GCC_WARN_UNUSED_FUNCTION = YES;
				GCC_WARN_UNUSED_VARIABLE = YES;
				MACOSX_DEPLOYMENT_TARGET = 10.15;
				MTL_ENABLE_DEBUG_INFO = INCLUDE_SOURCE;
				MTL_FAST_MATH = YES;
				ONLY_ACTIVE_ARCH = YES;
				SDKROOT = macosx;
				SWIFT_ACTIVE_COMPILATION_CONDITIONS = DEBUG;
				SWIFT_OPTIMIZATION_LEVEL = "-Onone";
			};
			name = Debug;
		};
		1B885933273FC1B5006CF02C /* Release */ = {
			isa = XCBuildConfiguration;
			buildSettings = {
				ALWAYS_SEARCH_USER_PATHS = NO;
				CLANG_ANALYZER_NONNULL = YES;
				CLANG_ANALYZER_NUMBER_OBJECT_CONVERSION = YES_AGGRESSIVE;
				CLANG_CXX_LANGUAGE_STANDARD = "gnu++14";
				CLANG_CXX_LIBRARY = "libc++";
				CLANG_ENABLE_MODULES = YES;
				CLANG_ENABLE_OBJC_ARC = YES;
				CLANG_ENABLE_OBJC_WEAK = YES;
				CLANG_WARN_BLOCK_CAPTURE_AUTORELEASING = YES;
				CLANG_WARN_BOOL_CONVERSION = YES;
				CLANG_WARN_COMMA = YES;
				CLANG_WARN_CONSTANT_CONVERSION = YES;
				CLANG_WARN_DEPRECATED_OBJC_IMPLEMENTATIONS = YES;
				CLANG_WARN_DIRECT_OBJC_ISA_USAGE = YES_ERROR;
				CLANG_WARN_DOCUMENTATION_COMMENTS = YES;
				CLANG_WARN_EMPTY_BODY = YES;
				CLANG_WARN_ENUM_CONVERSION = YES;
				CLANG_WARN_INFINITE_RECURSION = YES;
				CLANG_WARN_INT_CONVERSION = YES;
				CLANG_WARN_NON_LITERAL_NULL_CONVERSION = YES;
				CLANG_WARN_OBJC_IMPLICIT_RETAIN_SELF = YES;
				CLANG_WARN_OBJC_LITERAL_CONVERSION = YES;
				CLANG_WARN_OBJC_ROOT_CLASS = YES_ERROR;
				CLANG_WARN_QUOTED_INCLUDE_IN_FRAMEWORK_HEADER = YES;
				CLANG_WARN_RANGE_LOOP_ANALYSIS = YES;
				CLANG_WARN_STRICT_PROTOTYPES = YES;
				CLANG_WARN_SUSPICIOUS_MOVE = YES;
				CLANG_WARN_UNGUARDED_AVAILABILITY = YES_AGGRESSIVE;
				CLANG_WARN_UNREACHABLE_CODE = YES;
				CLANG_WARN__DUPLICATE_METHOD_MATCH = YES;
				COPY_PHASE_STRIP = NO;
				DEBUG_INFORMATION_FORMAT = "dwarf-with-dsym";
				ENABLE_NS_ASSERTIONS = NO;
				ENABLE_STRICT_OBJC_MSGSEND = YES;
				GCC_C_LANGUAGE_STANDARD = gnu11;
				GCC_NO_COMMON_BLOCKS = YES;
				GCC_WARN_64_TO_32_BIT_CONVERSION = YES;
				GCC_WARN_ABOUT_RETURN_TYPE = YES_ERROR;
				GCC_WARN_UNDECLARED_SELECTOR = YES;
				GCC_WARN_UNINITIALIZED_AUTOS = YES_AGGRESSIVE;
				GCC_WARN_UNUSED_FUNCTION = YES;
				GCC_WARN_UNUSED_VARIABLE = YES;
				MACOSX_DEPLOYMENT_TARGET = 10.15;
				MTL_ENABLE_DEBUG_INFO = NO;
				MTL_FAST_MATH = YES;
				SDKROOT = macosx;
				SWIFT_COMPILATION_MODE = wholemodule;
				SWIFT_OPTIMIZATION_LEVEL = "-O";
			};
			name = Release;
		};
		1B885935273FC1B5006CF02C /* Debug */ = {
			isa = XCBuildConfiguration;
			buildSettings = {
				ASSETCATALOG_COMPILER_APPICON_NAME = AppIcon;
				ASSETCATALOG_COMPILER_GLOBAL_ACCENT_COLOR_NAME = AccentColor;
				CODE_SIGN_ENTITLEMENTS = ExampleApp/ExampleApp.entitlements;
				CODE_SIGN_STYLE = Automatic;
				COMBINE_HIDPI_IMAGES = YES;
				DEVELOPMENT_ASSET_PATHS = "\"ExampleApp/Preview Content\"";
				ENABLE_PREVIEWS = YES;
				INFOPLIST_FILE = ExampleApp/Info.plist;
				LD_RUNPATH_SEARCH_PATHS = (
					"$(inherited)",
					"@executable_path/../Frameworks",
				);
				MACOSX_DEPLOYMENT_TARGET = 11.0;
				PRODUCT_BUNDLE_IDENTIFIER = UCU.ExampleApp;
				PRODUCT_NAME = "$(TARGET_NAME)";
				SWIFT_VERSION = 5.0;
			};
			name = Debug;
		};
		1B885936273FC1B5006CF02C /* Release */ = {
			isa = XCBuildConfiguration;
			buildSettings = {
				ASSETCATALOG_COMPILER_APPICON_NAME = AppIcon;
				ASSETCATALOG_COMPILER_GLOBAL_ACCENT_COLOR_NAME = AccentColor;
				CODE_SIGN_ENTITLEMENTS = ExampleApp/ExampleApp.entitlements;
				CODE_SIGN_STYLE = Automatic;
				COMBINE_HIDPI_IMAGES = YES;
				DEVELOPMENT_ASSET_PATHS = "\"ExampleApp/Preview Content\"";
				ENABLE_PREVIEWS = YES;
				INFOPLIST_FILE = ExampleApp/Info.plist;
				LD_RUNPATH_SEARCH_PATHS = (
					"$(inherited)",
					"@executable_path/../Frameworks",
				);
				MACOSX_DEPLOYMENT_TARGET = 11.0;
				PRODUCT_BUNDLE_IDENTIFIER = UCU.ExampleApp;
				PRODUCT_NAME = "$(TARGET_NAME)";
				SWIFT_VERSION = 5.0;
			};
			name = Release;
		};
		1B88594C273FC231006CF02C /* Debug */ = {
			isa = XCBuildConfiguration;
			buildSettings = {
				CLANG_CXX_LANGUAGE_STANDARD = "gnu++17";
				CODE_SIGN_ENTITLEMENTS = ExampleDriver/ExampleDriver.entitlements;
				CODE_SIGN_STYLE = Manual;
				DRIVERKIT_DEPLOYMENT_TARGET = 19.6;
				INFOPLIST_FILE = ExampleDriver/Info.plist;
				PRODUCT_BUNDLE_IDENTIFIER = UCU.ExampleDriver;
				PRODUCT_NAME = "$(inherited)";
				RUN_CLANG_STATIC_ANALYZER = YES;
				SDKROOT = driverkit;
				SKIP_INSTALL = YES;
			};
			name = Debug;
		};
		1B88594D273FC231006CF02C /* Release */ = {
			isa = XCBuildConfiguration;
			buildSettings = {
				CLANG_CXX_LANGUAGE_STANDARD = "gnu++17";
				CODE_SIGN_ENTITLEMENTS = ExampleDriver/ExampleDriver.entitlements;
				CODE_SIGN_STYLE = Manual;
				DRIVERKIT_DEPLOYMENT_TARGET = 19.6;
				INFOPLIST_FILE = ExampleDriver/Info.plist;
				PRODUCT_BUNDLE_IDENTIFIER = UCU.ExampleDriver;
				PRODUCT_NAME = "$(inherited)";
				RUN_CLANG_STATIC_ANALYZER = YES;
				SDKROOT = driverkit;
				SKIP_INSTALL = YES;
			};
			name = Release;
		};
/* End XCBuildConfiguration section */

/* Begin XCConfigurationList section */
		1B88591F273FC1B1006CF02C /* Build configuration list for PBXProject "ExampleApp" */ = {
			isa = XCConfigurationList;
			buildConfigurations = (
				1B885932273FC1B5006CF02C /* Debug */,
				1B885933273FC1B5006CF02C /* Release */,
			);
			defaultConfigurationIsVisible = 0;
			defaultConfigurationName = Release;
		};
		1B885934273FC1B5006CF02C /* Build configuration list for PBXNativeTarget "ExampleApp" */ = {
			isa = XCConfigurationList;
			buildConfigurations = (
				1B885935273FC1B5006CF02C /* Debug */,
				1B885936273FC1B5006CF02C /* Release */,
			);
			defaultConfigurationIsVisible = 0;
			defaultConfigurationName = Release;
		};
		1B88594B273FC231006CF02C /* Build configuration list for PBXNativeTarget "ExampleDriver" */ = {
			isa = XCConfigurationList;
			buildConfigurations = (
				1B88594C273FC231006CF02C /* Debug */,
				1B88594D273FC231006CF02C /* Release */,
			);
			defaultConfigurationIsVisible = 0;
			defaultConfigurationName = Release;
		};
/* End XCConfigurationList section */
	};
	rootObject = 1B88591C273FC1B1006CF02C /* Project object */;
}
